{
  "name": "@kitty-crow/bake",
  "version": "0.2.0-dev.0",
  "lockfileVersion": 3,
  "requires": true,
  "packages": {
    "": {
      "name": "@kitty-crow/bake",
      "version": "0.2.0-dev.0",
      "license": "MIT",
      "dependencies": {
        "typescript": "^5.8.3"
      },
      "bin": {
        "bake": "dist/cli.js"
      },
      "devDependencies": {
        "@types/node": "^22.15.0"
      },
      "engines": {
        "bun": ">=1.1.0",
        "node": ">=22.0.0"
      }
    },
    "node_modules/@types/node": {
      "version": "22.20.1",
      "dev": true,
      "license": "MIT",
      "dependencies": {
        "undici-types": "~6.21.0"
      }
    },
    "node_modules/typescript": {
      "version": "5.9.3",
      "license": "Apache-2.0",
      "bin": {
        "tsc": "bin/tsc",
        "tsserver": "bin/tsserver"
      },
      "engines": {
        "node": ">=14.17"
      }
    },
    "node_modules/undici-types": {
      "version": "6.21.0",
      "dev": true,
      "license": "MIT"
    }
  }
}
